// !$*UTF8*$!
{
	archiveVersion = 1;
	classes = {
	};
	objectVersion = 56;
	objects = {

/* Begin PBXBuildFile section */
		D06EDA342A97C6F1002652AD /* tut1App.swift in Sources */ = {isa = PBXBuildFile; fileRef = D06EDA332A97C6F1002652AD /* tut1App.swift */; };
		D06EDA362A97C6F1002652AD /* ContentView.swift in Sources */ = {isa = PBXBuildFile; fileRef = D06EDA352A97C6F1002652AD /* ContentView.swift */; };
		D06EDA382A97C6F3002652AD /* Assets.xcassets in Resources */ = {isa = PBXBuildFile; fileRef = D06EDA372A97C6F3002652AD /* Assets.xcassets */; };
		D06EDA3B2A97C6F3002652AD /* Preview Assets.xcassets in Resources */ = {isa = PBXBuildFile; fileRef = D06EDA3A2A97C6F3002652AD /* Preview Assets.xcassets */; };
		D06EDA452A97C6F3002652AD /* tut1Tests.swift in Sources */ = {isa = PBXBuildFile; fileRef = D06EDA442A97C6F3002652AD /* tut1Tests.swift */; };
		D06EDA4F2A97C6F3002652AD /* tut1UITests.swift in Sources */ = {isa = PBXBuildFile; fileRef = D06EDA4E2A97C6F3002652AD /* tut1UITests.swift */; };
		D06EDA512A97C6F3002652AD /* tut1UITestsLaunchTests.swift in Sources */ = {isa = PBXBuildFile; fileRef = D06EDA502A97C6F3002652AD /* tut1UITestsLaunchTests.swift */; };
/* End PBXBuildFile section */

/* Begin PBXContainerItemProxy section */
		D06EDA412A97C6F3002652AD /* PBXContainerItemProxy */ = {
			isa = PBXContainerItemProxy;
			containerPortal = D06EDA282A97C6F1002652AD /* Project object */;
			proxyType = 1;
			remoteGlobalIDString = D06EDA2F2A97C6F1002652AD;
			remoteInfo = tut1;
		};
		D06EDA4B2A97C6F3002652AD /* PBXContainerItemProxy */ = {
			isa = PBXContainerItemProxy;
			containerPortal = D06EDA282A97C6F1002652AD /* Project object */;
			proxyType = 1;
			remoteGlobalIDString = D06EDA2F2A97C6F1002652AD;
			remoteInfo = tut1;
		};
/* End PBXContainerItemProxy section */

/* Begin PBXFileReference section */
		D06EDA302A97C6F1002652AD /* tut1.app */ = {isa = PBXFileReference; explicitFileType = wrapper.application; includeInIndex = 0; path = tut1.app; sourceTree = BUILT_PRODUCTS_DIR; };
		D06EDA332A97C6F1002652AD /* tut1App.swift */ = {isa = PBXFileReference; lastKnownFileType = sourcecode.swift; path = tut1App.swift; sourceTree = "<group>"; };
		D06EDA352A97C6F1002652AD /* ContentView.swift */ = {isa = PBXFileReference; lastKnownFileType = sourcecode.swift; path = ContentView.swift; sourceTree = "<group>"; };
		D06EDA372A97C6F3002652AD /* Assets.xcassets */ = {isa = PBXFileReference; lastKnownFileType = folder.assetcatalog; path = Assets.xcassets; sourceTree = "<group>"; };
		D06EDA3A2A97C6F3002652AD /* Preview Assets.xcassets */ = {isa = PBXFileReference; lastKnownFileType = folder.assetcatalog; path = "Preview Assets.xcassets"; sourceTree = "<group>"; };
		D06EDA402A97C6F3002652AD /* tut1Tests.xctest */ = {isa = PBXFileReference; explicitFileType = wrapper.cfbundle; includeInIndex = 0; path = tut1Tests.xctest; sourceTree = BUILT_PRODUCTS_DIR; };
		D06EDA442A97C6F3002652AD /* tut1Tests.swift */ = {isa = PBXFileReference; lastKnownFileType = sourcecode.swift; path = tut1Tests.swift; sourceTree = "<group>"; };
		D06EDA4A2A97C6F3002652AD /* tut1UITests.xctest */ = {isa = PBXFileReference; explicitFileType = wrapper.cfbundle; includeInIndex = 0; path = tut1UITests.xctest; sourceTree = BUILT_PRODUCTS_DIR; };
		D06EDA4E2A97C6F3002652AD /* tut1UITests.swift */ = {isa = PBXFileReference; lastKnownFileType = sourcecode.swift; path = tut1UITests.swift; sourceTree = "<group>"; };
		D06EDA502A97C6F3002652AD /* tut1UITestsLaunchTests.swift */ = {isa = PBXFileReference; lastKnownFileType = sourcecode.swift; path = tut1UITestsLaunchTests.swift; sourceTree = "<group>"; };
/* End PBXFileReference section */

/* Begin PBXFrameworksBuildPhase section */
		D06EDA2D2A97C6F1002652AD /* Frameworks */ = {
			isa = PBXFrameworksBuildPhase;
			buildActionMask = 2147483647;
			files = (
			);
			runOnlyForDeploymentPostprocessing = 0;
		};
		D06EDA3D2A97C6F3002652AD /* Frameworks */ = {
			isa = PBXFrameworksBuildPhase;
			buildActionMask = 2147483647;
			files = (
			);
			runOnlyForDeploymentPostprocessing = 0;
		};
		D06EDA472A97C6F3002652AD /* Frameworks */ = {
			isa = PBXFrameworksBuildPhase;
			buildActionMask = 2147483647;
			files = (
			);
			runOnlyForDeploymentPostprocessing = 0;
		};
/* End PBXFrameworksBuildPhase section */

/* Begin PBXGroup section */
		D06EDA272A97C6F1002652AD = {
			isa = PBXGroup;
			children = (
				D06EDA322A97C6F1002652AD /* tut1 */,
				D06EDA432A97C6F3002652AD /* tut1Tests */,
				D06EDA4D2A97C6F3002652AD /* tut1UITests */,
				D06EDA312A97C6F1002652AD /* Products */,
			);
			sourceTree = "<group>";
		};
		D06EDA312A97C6F1002652AD /* Products */ = {
			isa = PBXGroup;
			children = (
				D06EDA302A97C6F1002652AD /* tut1.app */,
				D06EDA402A97C6F3002652AD /* tut1Tests.xctest */,
				D06EDA4A2A97C6F3002652AD /* tut1UITests.xctest */,
			);
			name = Products;
			sourceTree = "<group>";
		};
		D06EDA322A97C6F1002652AD /* tut1 */ = {
			isa = PBXGroup;
			children = (
				D06EDA332A97C6F1002652AD /* tut1App.swift */,
				D06EDA352A97C6F1002652AD /* ContentView.swift */,
				D06EDA372A97C6F3002652AD /* Assets.xcassets */,
				D06EDA392A97C6F3002652AD /* Preview Content */,
			);
			path = tut1;
			sourceTree = "<group>";
		};
		D06EDA392A97C6F3002652AD /* Preview Content */ = {
			isa = PBXGroup;
			children = (
				D06EDA3A2A97C6F3002652AD /* Preview Assets.xcassets */,
			);
			path = "Preview Content";
			sourceTree = "<group>";
		};
		D06EDA432A97C6F3002652AD /* tut1Tests */ = {
			isa = PBXGroup;
			children = (
				D06EDA442A97C6F3002652AD /* tut1Tests.swift */,
			);
			path = tut1Tests;
			sourceTree = "<group>";
		};
		D06EDA4D2A97C6F3002652AD /* tut1UITests */ = {
			isa = PBXGroup;
			children = (
				D06EDA4E2A97C6F3002652AD /* tut1UITests.swift */,
				D06EDA502A97C6F3002652AD /* tut1UITestsLaunchTests.swift */,
			);
			path = tut1UITests;
			sourceTree = "<group>";
		};
/* End PBXGroup section */

/* Begin PBXNativeTarget section */
		D06EDA2F2A97C6F1002652AD /* tut1 */ = {
			isa = PBXNativeTarget;
			buildConfigurationList = D06EDA542A97C6F3002652AD /* Build configuration list for PBXNativeTarget "tut1" */;
			buildPhases = (
				D06EDA2C2A97C6F1002652AD /* Sources */,
				D06EDA2D2A97C6F1002652AD /* Frameworks */,
				D06EDA2E2A97C6F1002652AD /* Resources */,
			);
			buildRules = (
			);
			dependencies = (
			);
			name = tut1;
			productName = tut1;
			productReference = D06EDA302A97C6F1002652AD /* tut1.app */;
			productType = "com.apple.product-type.application";
		};
		D06EDA3F2A97C6F3002652AD /* tut1Tests */ = {
			isa = PBXNativeTarget;
			buildConfigurationList = D06EDA572A97C6F3002652AD /* Build configuration list for PBXNativeTarget "tut1Tests" */;
			buildPhases = (
				D06EDA3C2A97C6F3002652AD /* Sources */,
				D06EDA3D2A97C6F3002652AD /* Frameworks */,
				D06EDA3E2A97C6F3002652AD /* Resources */,
			);
			buildRules = (
			);
			dependencies = (
				D06EDA422A97C6F3002652AD /* PBXTargetDependency */,
			);
			name = tut1Tests;
			productName = tut1Tests;
			productReference = D06EDA402A97C6F3002652AD /* tut1Tests.xctest */;
			productType = "com.apple.product-type.bundle.unit-test";
		};
		D06EDA492A97C6F3002652AD /* tut1UITests */ = {
			isa = PBXNativeTarget;
			buildConfigurationList = D06EDA5A2A97C6F3002652AD /* Build configuration list for PBXNativeTarget "tut1UITests" */;
			buildPhases = (
				D06EDA462A97C6F3002652AD /* Sources */,
				D06EDA472A97C6F3002652AD /* Frameworks */,
				D06EDA482A97C6F3002652AD /* Resources */,
			);
			buildRules = (
			);
			dependencies = (
				D06EDA4C2A97C6F3002652AD /* PBXTargetDependency */,
			);
			name = tut1UITests;
			productName = tut1UITests;
			productReference = D06EDA4A2A97C6F3002652AD /* tut1UITests.xctest */;
			productType = "com.apple.product-type.bundle.ui-testing";
		};
/* End PBXNativeTarget section */

/* Begin PBXProject section */
		D06EDA282A97C6F1002652AD /* Project object */ = {
			isa = PBXProject;
			attributes = {
				BuildIndependentTargetsInParallel = 1;
				LastSwiftUpdateCheck = 1430;
				LastUpgradeCheck = 1430;
				TargetAttributes = {
					D06EDA2F2A97C6F1002652AD = {
						CreatedOnToolsVersion = 14.3.1;
					};
					D06EDA3F2A97C6F3002652AD = {
						CreatedOnToolsVersion = 14.3.1;
						TestTargetID = D06EDA2F2A97C6F1002652AD;
					};
					D06EDA492A97C6F3002652AD = {
						CreatedOnToolsVersion = 14.3.1;
						TestTargetID = D06EDA2F2A97C6F1002652AD;
					};
				};
			};
			buildConfigurationList = D06EDA2B2A97C6F1002652AD /* Build configuration list for PBXProject "tut1" */;
			compatibilityVersion = "Xcode 14.0";
			developmentRegion = en;
			hasScannedForEncodings = 0;
			knownRegions = (
				en,
				Base,
			);
			mainGroup = D06EDA272A97C6F1002652AD;
			productRefGroup = D06EDA312A97C6F1002652AD /* Products */;
			projectDirPath = "";
			projectRoot = "";
			targets = (
				D06EDA2F2A97C6F1002652AD /* tut1 */,
				D06EDA3F2A97C6F3002652AD /* tut1Tests */,
				D06EDA492A97C6F3002652AD /* tut1UITests */,
			);
		};
/* End PBXProject section */

/* Begin PBXResourcesBuildPhase section */
		D06EDA2E2A97C6F1002652AD /* Resources */ = {
			isa = PBXResourcesBuildPhase;
			buildActionMask = 2147483647;
			files = (
				D06EDA3B2A97C6F3002652AD /* Preview Assets.xcassets in Resources */,
				D06EDA382A97C6F3002652AD /* Assets.xcassets in Resources */,
			);
			runOnlyForDeploymentPostprocessing = 0;
		};
		D06EDA3E2A97C6F3002652AD /* Resources */ = {
			isa = PBXResourcesBuildPhase;
			buildActionMask = 2147483647;
			files = (
			);
			runOnlyForDeploymentPostprocessing = 0;
		};
		D06EDA482A97C6F3002652AD /* Resources */ = {
			isa = PBXResourcesBuildPhase;
			buildActionMask = 2147483647;
			files = (
			);
			runOnlyForDeploymentPostprocessing = 0;
		};
/* End PBXResourcesBuildPhase section */

/* Begin PBXSourcesBuildPhase section */
		D06EDA2C2A97C6F1002652AD /* Sources */ = {
			isa = PBXSourcesBuildPhase;
			buildActionMask = 2147483647;
			files = (
				D06EDA362A97C6F1002652AD /* ContentView.swift in Sources */,
				D06EDA342A97C6F1002652AD /* tut1App.swift in Sources */,
			);
			runOnlyForDeploymentPostprocessing = 0;
		};
		D06EDA3C2A97C6F3002652AD /* Sources */ = {
			isa = PBXSourcesBuildPhase;
			buildActionMask = 2147483647;
			files = (
				D06EDA452A97C6F3002652AD /* tut1Tests.swift in Sources */,
			);
			runOnlyForDeploymentPostprocessing = 0;
		};
		D06EDA462A97C6F3002652AD /* Sources */ = {
			isa = PBXSourcesBuildPhase;
			buildActionMask = 2147483647;
			files = (
				D06EDA512A97C6F3002652AD /* tut1UITestsLaunchTests.swift in Sources */,
				D06EDA4F2A97C6F3002652AD /* tut1UITests.swift in Sources */,
			);
			runOnlyForDeploymentPostprocessing = 0;
		};
/* End PBXSourcesBuildPhase section */

/* Begin PBXTargetDependency section */
		D06EDA422A97C6F3002652AD /* PBXTargetDependency */ = {
			isa = PBXTargetDependency;
			target = D06EDA2F2A97C6F1002652AD /* tut1 */;
			targetProxy = D06EDA412A97C6F3002652AD /* PBXContainerItemProxy */;
		};
		D06EDA4C2A97C6F3002652AD /* PBXTargetDependency */ = {
			isa = PBXTargetDependency;
			target = D06EDA2F2A97C6F1002652AD /* tut1 */;
			targetProxy = D06EDA4B2A97C6F3002652AD /* PBXContainerItemProxy */;
		};
/* End PBXTargetDependency section */

/* Begin XCBuildConfiguration section */
		D06EDA522A97C6F3002652AD /* Debug */ = {
			isa = XCBuildConfiguration;
			buildSettings = {
				ALWAYS_SEARCH_USER_PATHS = NO;
				CLANG_ANALYZER_NONNULL = YES;
				CLANG_ANALYZER_NUMBER_OBJECT_CONVERSION = YES_AGGRESSIVE;
				CLANG_CXX_LANGUAGE_STANDARD = "gnu++20";
				CLANG_ENABLE_MODULES = YES;
				CLANG_ENABLE_OBJC_ARC = YES;
				CLANG_ENABLE_OBJC_WEAK = YES;
				CLANG_WARN_BLOCK_CAPTURE_AUTORELEASING = YES;
				CLANG_WARN_BOOL_CONVERSION = YES;
				CLANG_WARN_COMMA = YES;
				CLANG_WARN_CONSTANT_CONVERSION = YES;
				CLANG_WARN_DEPRECATED_OBJC_IMPLEMENTATIONS = YES;
				CLANG_WARN_DIRECT_OBJC_ISA_USAGE = YES_ERROR;
				CLANG_WARN_DOCUMENTATION_COMMENTS = YES;
				CLANG_WARN_EMPTY_BODY = YES;
				CLANG_WARN_ENUM_CONVERSION = YES;
				CLANG_WARN_INFINITE_RECURSION = YES;
				CLANG_WARN_INT_CONVERSION = YES;
				CLANG_WARN_NON_LITERAL_NULL_CONVERSION = YES;
				CLANG_WARN_OBJC_IMPLICIT_RETAIN_SELF = YES;
				CLANG_WARN_OBJC_LITERAL_CONVERSION = YES;
				CLANG_WARN_OBJC_ROOT_CLASS = YES_ERROR;
				CLANG_WARN_QUOTED_INCLUDE_IN_FRAMEWORK_HEADER = YES;
				CLANG_WARN_RANGE_LOOP_ANALYSIS = YES;
				CLANG_WARN_STRICT_PROTOTYPES = YES;
				CLANG_WARN_SUSPICIOUS_MOVE = YES;
				CLANG_WARN_UNGUARDED_AVAILABILITY = YES_AGGRESSIVE;
				CLANG_WARN_UNREACHABLE_CODE = YES;
				CLANG_WARN__DUPLICATE_METHOD_MATCH = YES;
				COPY_PHASE_STRIP = NO;
				DEBUG_INFORMATION_FORMAT = dwarf;
				ENABLE_STRICT_OBJC_MSGSEND = YES;
				ENABLE_TESTABILITY = YES;
				GCC_C_LANGUAGE_STANDARD = gnu11;
				GCC_DYNAMIC_NO_PIC = NO;
				GCC_NO_COMMON_BLOCKS = YES;
				GCC_OPTIMIZATION_LEVEL = 0;
				GCC_PREPROCESSOR_DEFINITIONS = (
					"DEBUG=1",
					"$(inherited)",
				);
				GCC_WARN_64_TO_32_BIT_CONVERSION = YES;
				GCC_WARN_ABOUT_RETURN_TYPE = YES_ERROR;
				GCC_WARN_UNDECLARED_SELECTOR = YES;
				GCC_WARN_UNINITIALIZED_AUTOS = YES_AGGRESSIVE;
				GCC_WARN_UNUSED_FUNCTION = YES;
				GCC_WARN_UNUSED_VARIABLE = YES;
				IPHONEOS_DEPLOYMENT_TARGET = 16.4;
				MTL_ENABLE_DEBUG_INFO = INCLUDE_SOURCE;
				MTL_FAST_MATH = YES;
				ONLY_ACTIVE_ARCH = YES;
				SDKROOT = iphoneos;
				SWIFT_ACTIVE_COMPILATION_CONDITIONS = DEBUG;
				SWIFT_OPTIMIZATION_LEVEL = "-Onone";
			};
			name = Debug;
		};
		D06EDA532A97C6F3002652AD /* Release */ = {
			isa = XCBuildConfiguration;
			buildSettings = {
				ALWAYS_SEARCH_USER_PATHS = NO;
				CLANG_ANALYZER_NONNULL = YES;
				CLANG_ANALYZER_NUMBER_OBJECT_CONVERSION = YES_AGGRESSIVE;
				CLANG_CXX_LANGUAGE_STANDARD = "gnu++20";
				CLANG_ENABLE_MODULES = YES;
				CLANG_ENABLE_OBJC_ARC = YES;
				CLANG_ENABLE_OBJC_WEAK = YES;
				CLANG_WARN_BLOCK_CAPTURE_AUTORELEASING = YES;
				CLANG_WARN_BOOL_CONVERSION = YES;
				CLANG_WARN_COMMA = YES;
				CLANG_WARN_CONSTANT_CONVERSION = YES;
				CLANG_WARN_DEPRECATED_OBJC_IMPLEMENTATIONS = YES;
				CLANG_WARN_DIRECT_OBJC_ISA_USAGE = YES_ERROR;
				CLANG_WARN_DOCUMENTATION_COMMENTS = YES;
				CLANG_WARN_EMPTY_BODY = YES;
				CLANG_WARN_ENUM_CONVERSION = YES;
				CLANG_WARN_INFINITE_RECURSION = YES;
				CLANG_WARN_INT_CONVERSION = YES;
				CLANG_WARN_NON_LITERAL_NULL_CONVERSION = YES;
				CLANG_WARN_OBJC_IMPLICIT_RETAIN_SELF = YES;
				CLANG_WARN_OBJC_LITERAL_CONVERSION = YES;
				CLANG_WARN_OBJC_ROOT_CLASS = YES_ERROR;
				CLANG_WARN_QUOTED_INCLUDE_IN_FRAMEWORK_HEADER = YES;
				CLANG_WARN_RANGE_LOOP_ANALYSIS = YES;
				CLANG_WARN_STRICT_PROTOTYPES = YES;
				CLANG_WARN_SUSPICIOUS_MOVE = YES;
				CLANG_WARN_UNGUARDED_AVAILABILITY = YES_AGGRESSIVE;
				CLANG_WARN_UNREACHABLE_CODE = YES;
				CLANG_WARN__DUPLICATE_METHOD_MATCH = YES;
				COPY_PHASE_STRIP = NO;
				DEBUG_INFORMATION_FORMAT = "dwarf-with-dsym";
				ENABLE_NS_ASSERTIONS = NO;
				ENABLE_STRICT_OBJC_MSGSEND = YES;
				GCC_C_LANGUAGE_STANDARD = gnu11;
				GCC_NO_COMMON_BLOCKS = YES;
				GCC_WARN_64_TO_32_BIT_CONVERSION = YES;
				GCC_WARN_ABOUT_RETURN_TYPE = YES_ERROR;
				GCC_WARN_UNDECLARED_SELECTOR = YES;
				GCC_WARN_UNINITIALIZED_AUTOS = YES_AGGRESSIVE;
				GCC_WARN_UNUSED_FUNCTION = YES;
				GCC_WARN_UNUSED_VARIABLE = YES;
				IPHONEOS_DEPLOYMENT_TARGET = 16.4;
				MTL_ENABLE_DEBUG_INFO = NO;
				MTL_FAST_MATH = YES;
				SDKROOT = iphoneos;
				SWIFT_COMPILATION_MODE = wholemodule;
				SWIFT_OPTIMIZATION_LEVEL = "-O";
				VALIDATE_PRODUCT = YES;
			};
			name = Release;
		};
		D06EDA552A97C6F3002652AD /* Debug */ = {
			isa = XCBuildConfiguration;
			buildSettings = {
				ASSETCATALOG_COMPILER_APPICON_NAME = AppIcon;
				ASSETCATALOG_COMPILER_GLOBAL_ACCENT_COLOR_NAME = AccentColor;
				CODE_SIGN_STYLE = Automatic;
				CURRENT_PROJECT_VERSION = 1;
				DEVELOPMENT_ASSET_PATHS = "\"tut1/Preview Content\"";
				ENABLE_PREVIEWS = YES;
				GENERATE_INFOPLIST_FILE = YES;
				INFOPLIST_KEY_UIApplicationSceneManifest_Generation = YES;
				INFOPLIST_KEY_UIApplicationSupportsIndirectInputEvents = YES;
				INFOPLIST_KEY_UILaunchScreen_Generation = YES;
				INFOPLIST_KEY_UISupportedInterfaceOrientations_iPad = "UIInterfaceOrientationPortrait UIInterfaceOrientationPortraitUpsideDown UIInterfaceOrientationLandscapeLeft UIInterfaceOrientationLandscapeRight";
				INFOPLIST_KEY_UISupportedInterfaceOrientations_iPhone = "UIInterfaceOrientationPortrait UIInterfaceOrientationLandscapeLeft UIInterfaceOrientationLandscapeRight";
				LD_RUNPATH_SEARCH_PATHS = (
					"$(inherited)",
					"@executable_path/Frameworks",
				);
				MARKETING_VERSION = 1.0;
				PRODUCT_BUNDLE_IDENTIFIER = kino.tut1;
				PRODUCT_NAME = "$(TARGET_NAME)";
				SWIFT_EMIT_LOC_STRINGS = YES;
				SWIFT_VERSION = 5.0;
				TARGETED_DEVICE_FAMILY = "1,2";
			};
			name = Debug;
		};
		D06EDA562A97C6F3002652AD /* Release */ = {
			isa = XCBuildConfiguration;
			buildSettings = {
				ASSETCATALOG_COMPILER_APPICON_NAME = AppIcon;
				ASSETCATALOG_COMPILER_GLOBAL_ACCENT_COLOR_NAME = AccentColor;
				CODE_SIGN_STYLE = Automatic;
				CURRENT_PROJECT_VERSION = 1;
				DEVELOPMENT_ASSET_PATHS = "\"tut1/Preview Content\"";
				ENABLE_PREVIEWS = YES;
				GENERATE_INFOPLIST_FILE = YES;
				INFOPLIST_KEY_UIApplicationSceneManifest_Generation = YES;
				INFOPLIST_KEY_UIApplicationSupportsIndirectInputEvents = YES;
				INFOPLIST_KEY_UILaunchScreen_Generation = YES;
				INFOPLIST_KEY_UISupportedInterfaceOrientations_iPad = "UIInterfaceOrientationPortrait UIInterfaceOrientationPortraitUpsideDown UIInterfaceOrientationLandscapeLeft UIInterfaceOrientationLandscapeRight";
				INFOPLIST_KEY_UISupportedInterfaceOrientations_iPhone = "UIInterfaceOrientationPortrait UIInterfaceOrientationLandscapeLeft UIInterfaceOrientationLandscapeRight";
				LD_RUNPATH_SEARCH_PATHS = (
					"$(inherited)",
					"@executable_path/Frameworks",
				);
				MARKETING_VERSION = 1.0;
				PRODUCT_BUNDLE_IDENTIFIER = kino.tut1;
				PRODUCT_NAME = "$(TARGET_NAME)";
				SWIFT_EMIT_LOC_STRINGS = YES;
				SWIFT_VERSION = 5.0;
				TARGETED_DEVICE_FAMILY = "1,2";
			};
			name = Release;
		};
		D06EDA582A97C6F3002652AD /* Debug */ = {
			isa = XCBuildConfiguration;
			buildSettings = {
				ALWAYS_EMBED_SWIFT_STANDARD_LIBRARIES = YES;
				BUNDLE_LOADER = "$(TEST_HOST)";
				CODE_SIGN_STYLE = Automatic;
				CURRENT_PROJECT_VERSION = 1;
				GENERATE_INFOPLIST_FILE = YES;
				IPHONEOS_DEPLOYMENT_TARGET = 16.4;
				MARKETING_VERSION = 1.0;
				PRODUCT_BUNDLE_IDENTIFIER = kino.tut1Tests;
				PRODUCT_NAME = "$(TARGET_NAME)";
				SWIFT_EMIT_LOC_STRINGS = NO;
				SWIFT_VERSION = 5.0;
				TARGETED_DEVICE_FAMILY = "1,2";
				TEST_HOST = "$(BUILT_PRODUCTS_DIR)/tut1.app/$(BUNDLE_EXECUTABLE_FOLDER_PATH)/tut1";
			};
			name = Debug;
		};
		D06EDA592A97C6F3002652AD /* Release */ = {
			isa = XCBuildConfiguration;
			buildSettings = {
				ALWAYS_EMBED_SWIFT_STANDARD_LIBRARIES = YES;
				BUNDLE_LOADER = "$(TEST_HOST)";
				CODE_SIGN_STYLE = Automatic;
				CURRENT_PROJECT_VERSION = 1;
				GENERATE_INFOPLIST_FILE = YES;
				IPHONEOS_DEPLOYMENT_TARGET = 16.4;
				MARKETING_VERSION = 1.0;
				PRODUCT_BUNDLE_IDENTIFIER = kino.tut1Tests;
				PRODUCT_NAME = "$(TARGET_NAME)";
				SWIFT_EMIT_LOC_STRINGS = NO;
				SWIFT_VERSION = 5.0;
				TARGETED_DEVICE_FAMILY = "1,2";
				TEST_HOST = "$(BUILT_PRODUCTS_DIR)/tut1.app/$(BUNDLE_EXECUTABLE_FOLDER_PATH)/tut1";
			};
			name = Release;
		};
		D06EDA5B2A97C6F3002652AD /* Debug */ = {
			isa = XCBuildConfiguration;
			buildSettings = {
				ALWAYS_EMBED_SWIFT_STANDARD_LIBRARIES = YES;
				CODE_SIGN_STYLE = Automatic;
				CURRENT_PROJECT_VERSION = 1;
				GENERATE_INFOPLIST_FILE = YES;
				MARKETING_VERSION = 1.0;
				PRODUCT_BUNDLE_IDENTIFIER = kino.tut1UITests;
				PRODUCT_NAME = "$(TARGET_NAME)";
				SWIFT_EMIT_LOC_STRINGS = NO;
				SWIFT_VERSION = 5.0;
				TARGETED_DEVICE_FAMILY = "1,2";
				TEST_TARGET_NAME = tut1;
			};
			name = Debug;
		};
		D06EDA5C2A97C6F3002652AD /* Release */ = {
			isa = XCBuildConfiguration;
			buildSettings = {
				ALWAYS_EMBED_SWIFT_STANDARD_LIBRARIES = YES;
				CODE_SIGN_STYLE = Automatic;
				CURRENT_PROJECT_VERSION = 1;
				GENERATE_INFOPLIST_FILE = YES;
				MARKETING_VERSION = 1.0;
				PRODUCT_BUNDLE_IDENTIFIER = kino.tut1UITests;
				PRODUCT_NAME = "$(TARGET_NAME)";
				SWIFT_EMIT_LOC_STRINGS = NO;
				SWIFT_VERSION = 5.0;
				TARGETED_DEVICE_FAMILY = "1,2";
				TEST_TARGET_NAME = tut1;
			};
			name = Release;
		};
/* End XCBuildConfiguration section */

/* Begin XCConfigurationList section */
		D06EDA2B2A97C6F1002652AD /* Build configuration list for PBXProject "tut1" */ = {
			isa = XCConfigurationList;
			buildConfigurations = (
				D06EDA522A97C6F3002652AD /* Debug */,
				D06EDA532A97C6F3002652AD /* Release */,
			);
			defaultConfigurationIsVisible = 0;
			defaultConfigurationName = Release;
		};
		D06EDA542A97C6F3002652AD /* Build configuration list for PBXNativeTarget "tut1" */ = {
			isa = XCConfigurationList;
			buildConfigurations = (
				D06EDA552A97C6F3002652AD /* Debug */,
				D06EDA562A97C6F3002652AD /* Release */,
			);
			defaultConfigurationIsVisible = 0;
			defaultConfigurationName = Release;
		};
		D06EDA572A97C6F3002652AD /* Build configuration list for PBXNativeTarget "tut1Tests" */ = {
			isa = XCConfigurationList;
			buildConfigurations = (
				D06EDA582A97C6F3002652AD /* Debug */,
				D06EDA592A97C6F3002652AD /* Release */,
			);
			defaultConfigurationIsVisible = 0;
			defaultConfigurationName = Release;
		};
		D06EDA5A2A97C6F3002652AD /* Build configuration list for PBXNativeTarget "tut1UITests" */ = {
			isa = XCConfigurationList;
			buildConfigurations = (
				D06EDA5B2A97C6F3002652AD /* Debug */,
				D06EDA5C2A97C6F3002652AD /* Release */,
			);
			defaultConfigurationIsVisible = 0;
			defaultConfigurationName = Release;
		};
/* End XCConfigurationList section */
	};
	rootObject = D06EDA282A97C6F1002652AD /* Project object */;
}
